
Microsoft Visual Studio Solution File, Format Version 12.00
# Visual Studio 15
VisualStudioVersion = 15.0.27428.2037
MinimumVisualStudioVersion = 10.0.40219.1
Project("{FAE04EC0-301F-11D3-BF4B-00C04F79EFBC}") = "ProblemaAlgoritmica", "ProblemaAlgoritmica\ProblemaAlgoritmica.csproj", "{FB57884C-0A88-43C8-B6E2-3B0C5EDF02DB}"
EndProject
Global
	GlobalSection(SolutionConfigurationPlatforms) = preSolution
		Debug|Any CPU = Debug|Any CPU
		Release|Any CPU = Release|Any CPU
	EndGlobalSection
	GlobalSection(ProjectConfigurationPlatforms) = postSolution
		{FB57884C-0A88-43C8-B6E2-3B0C5EDF02DB}.Debug|Any CPU.ActiveCfg = Debug|Any CPU
		{FB57884C-0A88-43C8-B6E2-3B0C5EDF02DB}.Debug|Any CPU.Build.0 = Debug|Any CPU
		{FB57884C-0A88-43C8-B6E2-3B0C5EDF02DB}.Release|Any CPU.ActiveCfg = Release|Any CPU
		{FB57884C-0A88-43C8-B6E2-3B0C5EDF02DB}.Release|Any CPU.Build.0 = Release|Any CPU
	EndGlobalSection
	GlobalSection(SolutionProperties) = preSolution
		HideSolutionNode = FALSE
	EndGlobalSection
	GlobalSection(ExtensibilityGlobals) = postSolution
		SolutionGuid = {CC3CE112-5F6A-48DA-8367-BA0443A409CE}
	EndGlobalSection
EndGlobal
